// !$*UTF8*$!
{
	archiveVersion = 1;
	classes = {
	};
	objectVersion = 56;
	objects = {

/* Begin PBXBuildFile section */
		1D999D052980264400A7FE9A /* RidesApp.swift in Sources */ = {isa = PBXBuildFile; fileRef = 1D999D042980264400A7FE9A /* RidesApp.swift */; };
		1D999D072980264400A7FE9A /* ContentView.swift in Sources */ = {isa = PBXBuildFile; fileRef = 1D999D062980264400A7FE9A /* ContentView.swift */; };
		1D999D092980264500A7FE9A /* Assets.xcassets in Resources */ = {isa = PBXBuildFile; fileRef = 1D999D082980264500A7FE9A /* Assets.xcassets */; };
		1D999D0C2980264500A7FE9A /* Preview Assets.xcassets in Resources */ = {isa = PBXBuildFile; fileRef = 1D999D0B2980264500A7FE9A /* Preview Assets.xcassets */; };
		1DEC720329817C3E00A34730 /* CarListViewModel.swift in Sources */ = {isa = PBXBuildFile; fileRef = 1DEC720229817C3E00A34730 /* CarListViewModel.swift */; };
		1DEC720529817C6B00A34730 /* RideModel.swift in Sources */ = {isa = PBXBuildFile; fileRef = 1DEC720429817C6B00A34730 /* RideModel.swift */; };
		1DEC72072982D62000A34730 /* DetailsView.swift in Sources */ = {isa = PBXBuildFile; fileRef = 1DEC72062982D62000A34730 /* DetailsView.swift */; };
		1DEC721C29880A3800A34730 /* co2CalcTests.swift in Sources */ = {isa = PBXBuildFile; fileRef = 1DEC721B29880A3800A34730 /* co2CalcTests.swift */; };
		1DEC722329880B0700A34730 /* CarListViewModel.swift in Sources */ = {isa = PBXBuildFile; fileRef = 1DEC720229817C3E00A34730 /* CarListViewModel.swift */; };
		1DEC72242988207C00A34730 /* RideModel.swift in Sources */ = {isa = PBXBuildFile; fileRef = 1DEC720429817C6B00A34730 /* RideModel.swift */; };
		1DEC727729883A1900A34730 /* APITests.swift in Sources */ = {isa = PBXBuildFile; fileRef = 1DEC727629883A1900A34730 /* APITests.swift */; };
/* End PBXBuildFile section */

/* Begin PBXContainerItemProxy section */
		1DEC721D29880A3800A34730 /* PBXContainerItemProxy */ = {
			isa = PBXContainerItemProxy;
			containerPortal = 1D999CF92980264400A7FE9A /* Project object */;
			proxyType = 1;
			remoteGlobalIDString = 1D999D002980264400A7FE9A;
			remoteInfo = Rides;
		};
		1DEC727829883A1900A34730 /* PBXContainerItemProxy */ = {
			isa = PBXContainerItemProxy;
			containerPortal = 1D999CF92980264400A7FE9A /* Project object */;
			proxyType = 1;
			remoteGlobalIDString = 1D999D002980264400A7FE9A;
			remoteInfo = Rides;
		};
/* End PBXContainerItemProxy section */

/* Begin PBXFileReference section */
		1D999D012980264400A7FE9A /* Rides.app */ = {isa = PBXFileReference; explicitFileType = wrapper.application; includeInIndex = 0; path = Rides.app; sourceTree = BUILT_PRODUCTS_DIR; };
		1D999D042980264400A7FE9A /* RidesApp.swift */ = {isa = PBXFileReference; lastKnownFileType = sourcecode.swift; path = RidesApp.swift; sourceTree = "<group>"; };
		1D999D062980264400A7FE9A /* ContentView.swift */ = {isa = PBXFileReference; lastKnownFileType = sourcecode.swift; path = ContentView.swift; sourceTree = "<group>"; };
		1D999D082980264500A7FE9A /* Assets.xcassets */ = {isa = PBXFileReference; lastKnownFileType = folder.assetcatalog; path = Assets.xcassets; sourceTree = "<group>"; };
		1D999D0B2980264500A7FE9A /* Preview Assets.xcassets */ = {isa = PBXFileReference; lastKnownFileType = folder.assetcatalog; path = "Preview Assets.xcassets"; sourceTree = "<group>"; };
		1DEC72012981672900A34730 /* Info.plist */ = {isa = PBXFileReference; lastKnownFileType = text.plist; path = Info.plist; sourceTree = "<group>"; };
		1DEC720229817C3E00A34730 /* CarListViewModel.swift */ = {isa = PBXFileReference; lastKnownFileType = sourcecode.swift; path = CarListViewModel.swift; sourceTree = "<group>"; };
		1DEC720429817C6B00A34730 /* RideModel.swift */ = {isa = PBXFileReference; lastKnownFileType = sourcecode.swift; path = RideModel.swift; sourceTree = "<group>"; };
		1DEC72062982D62000A34730 /* DetailsView.swift */ = {isa = PBXFileReference; lastKnownFileType = sourcecode.swift; path = DetailsView.swift; sourceTree = "<group>"; };
		1DEC721929880A3800A34730 /* co2CalcTests.xctest */ = {isa = PBXFileReference; explicitFileType = wrapper.cfbundle; includeInIndex = 0; path = co2CalcTests.xctest; sourceTree = BUILT_PRODUCTS_DIR; };
		1DEC721B29880A3800A34730 /* co2CalcTests.swift */ = {isa = PBXFileReference; lastKnownFileType = sourcecode.swift; path = co2CalcTests.swift; sourceTree = "<group>"; };
		1DEC727429883A1900A34730 /* APITests.xctest */ = {isa = PBXFileReference; explicitFileType = wrapper.cfbundle; includeInIndex = 0; path = APITests.xctest; sourceTree = BUILT_PRODUCTS_DIR; };
		1DEC727629883A1900A34730 /* APITests.swift */ = {isa = PBXFileReference; lastKnownFileType = sourcecode.swift; path = APITests.swift; sourceTree = "<group>"; };
/* End PBXFileReference section */

/* Begin PBXFrameworksBuildPhase section */
		1D999CFE2980264400A7FE9A /* Frameworks */ = {
			isa = PBXFrameworksBuildPhase;
			buildActionMask = 2147483647;
			files = (
			);
			runOnlyForDeploymentPostprocessing = 0;
		};
		1DEC721629880A3800A34730 /* Frameworks */ = {
			isa = PBXFrameworksBuildPhase;
			buildActionMask = 2147483647;
			files = (
			);
			runOnlyForDeploymentPostprocessing = 0;
		};
		1DEC727129883A1900A34730 /* Frameworks */ = {
			isa = PBXFrameworksBuildPhase;
			buildActionMask = 2147483647;
			files = (
			);
			runOnlyForDeploymentPostprocessing = 0;
		};
/* End PBXFrameworksBuildPhase section */

/* Begin PBXGroup section */
		1D999CF82980264400A7FE9A = {
			isa = PBXGroup;
			children = (
				1D999D032980264400A7FE9A /* Rides */,
				1D999D022980264400A7FE9A /* Products */,
			);
			sourceTree = "<group>";
		};
		1D999D022980264400A7FE9A /* Products */ = {
			isa = PBXGroup;
			children = (
				1D999D012980264400A7FE9A /* Rides.app */,
				1DEC721929880A3800A34730 /* co2CalcTests.xctest */,
				1DEC727429883A1900A34730 /* APITests.xctest */,
			);
			name = Products;
			sourceTree = "<group>";
		};
		1D999D032980264400A7FE9A /* Rides */ = {
			isa = PBXGroup;
			children = (
				1DEC725D2988341000A34730 /* Tests */,
				1DEC72012981672900A34730 /* Info.plist */,
				1D999D042980264400A7FE9A /* RidesApp.swift */,
				1D999D062980264400A7FE9A /* ContentView.swift */,
				1DEC72062982D62000A34730 /* DetailsView.swift */,
				1DEC720229817C3E00A34730 /* CarListViewModel.swift */,
				1DEC720429817C6B00A34730 /* RideModel.swift */,
				1D999D082980264500A7FE9A /* Assets.xcassets */,
				1D999D0A2980264500A7FE9A /* Preview Content */,
			);
			path = Rides;
			sourceTree = "<group>";
		};
		1D999D0A2980264500A7FE9A /* Preview Content */ = {
			isa = PBXGroup;
			children = (
				1D999D0B2980264500A7FE9A /* Preview Assets.xcassets */,
			);
			path = "Preview Content";
			sourceTree = "<group>";
		};
		1DEC721A29880A3800A34730 /* co2CalcTests */ = {
			isa = PBXGroup;
			children = (
				1DEC721B29880A3800A34730 /* co2CalcTests.swift */,
			);
			path = co2CalcTests;
			sourceTree = "<group>";
		};
		1DEC725D2988341000A34730 /* Tests */ = {
			isa = PBXGroup;
			children = (
				1DEC727529883A1900A34730 /* APITests */,
				1DEC721A29880A3800A34730 /* co2CalcTests */,
			);
			path = Tests;
			sourceTree = "<group>";
		};
		1DEC727529883A1900A34730 /* APITests */ = {
			isa = PBXGroup;
			children = (
				1DEC727629883A1900A34730 /* APITests.swift */,
			);
			path = APITests;
			sourceTree = "<group>";
		};
/* End PBXGroup section */

/* Begin PBXNativeTarget section */
		1D999D002980264400A7FE9A /* Rides */ = {
			isa = PBXNativeTarget;
			buildConfigurationList = 1D999D0F2980264500A7FE9A /* Build configuration list for PBXNativeTarget "Rides" */;
			buildPhases = (
				1D999CFD2980264400A7FE9A /* Sources */,
				1D999CFE2980264400A7FE9A /* Frameworks */,
				1D999CFF2980264400A7FE9A /* Resources */,
			);
			buildRules = (
			);
			dependencies = (
			);
			name = Rides;
			productName = Rides;
			productReference = 1D999D012980264400A7FE9A /* Rides.app */;
			productType = "com.apple.product-type.application";
		};
		1DEC721829880A3800A34730 /* co2CalcTests */ = {
			isa = PBXNativeTarget;
			buildConfigurationList = 1DEC721F29880A3800A34730 /* Build configuration list for PBXNativeTarget "co2CalcTests" */;
			buildPhases = (
				1DEC721529880A3800A34730 /* Sources */,
				1DEC721629880A3800A34730 /* Frameworks */,
				1DEC721729880A3800A34730 /* Resources */,
			);
			buildRules = (
			);
			dependencies = (
				1DEC721E29880A3800A34730 /* PBXTargetDependency */,
			);
			name = co2CalcTests;
			productName = co2CalcTests;
			productReference = 1DEC721929880A3800A34730 /* co2CalcTests.xctest */;
			productType = "com.apple.product-type.bundle.unit-test";
		};
		1DEC727329883A1900A34730 /* APITests */ = {
			isa = PBXNativeTarget;
			buildConfigurationList = 1DEC727A29883A1900A34730 /* Build configuration list for PBXNativeTarget "APITests" */;
			buildPhases = (
				1DEC727029883A1900A34730 /* Sources */,
				1DEC727129883A1900A34730 /* Frameworks */,
				1DEC727229883A1900A34730 /* Resources */,
			);
			buildRules = (
			);
			dependencies = (
				1DEC727929883A1900A34730 /* PBXTargetDependency */,
			);
			name = APITests;
			productName = APITests;
			productReference = 1DEC727429883A1900A34730 /* APITests.xctest */;
			productType = "com.apple.product-type.bundle.unit-test";
		};
/* End PBXNativeTarget section */

/* Begin PBXProject section */
		1D999CF92980264400A7FE9A /* Project object */ = {
			isa = PBXProject;
			attributes = {
				BuildIndependentTargetsInParallel = 1;
				LastSwiftUpdateCheck = 1420;
				LastUpgradeCheck = 1420;
				TargetAttributes = {
					1D999D002980264400A7FE9A = {
						CreatedOnToolsVersion = 14.2;
					};
					1DEC721829880A3800A34730 = {
						CreatedOnToolsVersion = 14.2;
						TestTargetID = 1D999D002980264400A7FE9A;
					};
					1DEC727329883A1900A34730 = {
						CreatedOnToolsVersion = 14.2;
						TestTargetID = 1D999D002980264400A7FE9A;
					};
				};
			};
			buildConfigurationList = 1D999CFC2980264400A7FE9A /* Build configuration list for PBXProject "Rides" */;
			compatibilityVersion = "Xcode 14.0";
			developmentRegion = en;
			hasScannedForEncodings = 0;
			knownRegions = (
				en,
				Base,
			);
			mainGroup = 1D999CF82980264400A7FE9A;
			productRefGroup = 1D999D022980264400A7FE9A /* Products */;
			projectDirPath = "";
			projectRoot = "";
			targets = (
				1D999D002980264400A7FE9A /* Rides */,
				1DEC721829880A3800A34730 /* co2CalcTests */,
				1DEC727329883A1900A34730 /* APITests */,
			);
		};
/* End PBXProject section */

/* Begin PBXResourcesBuildPhase section */
		1D999CFF2980264400A7FE9A /* Resources */ = {
			isa = PBXResourcesBuildPhase;
			buildActionMask = 2147483647;
			files = (
				1D999D0C2980264500A7FE9A /* Preview Assets.xcassets in Resources */,
				1D999D092980264500A7FE9A /* Assets.xcassets in Resources */,
			);
			runOnlyForDeploymentPostprocessing = 0;
		};
		1DEC721729880A3800A34730 /* Resources */ = {
			isa = PBXResourcesBuildPhase;
			buildActionMask = 2147483647;
			files = (
			);
			runOnlyForDeploymentPostprocessing = 0;
		};
		1DEC727229883A1900A34730 /* Resources */ = {
			isa = PBXResourcesBuildPhase;
			buildActionMask = 2147483647;
			files = (
			);
			runOnlyForDeploymentPostprocessing = 0;
		};
/* End PBXResourcesBuildPhase section */

/* Begin PBXSourcesBuildPhase section */
		1D999CFD2980264400A7FE9A /* Sources */ = {
			isa = PBXSourcesBuildPhase;
			buildActionMask = 2147483647;
			files = (
				1D999D072980264400A7FE9A /* ContentView.swift in Sources */,
				1DEC720329817C3E00A34730 /* CarListViewModel.swift in Sources */,
				1D999D052980264400A7FE9A /* RidesApp.swift in Sources */,
				1DEC72072982D62000A34730 /* DetailsView.swift in Sources */,
				1DEC720529817C6B00A34730 /* RideModel.swift in Sources */,
			);
			runOnlyForDeploymentPostprocessing = 0;
		};
		1DEC721529880A3800A34730 /* Sources */ = {
			isa = PBXSourcesBuildPhase;
			buildActionMask = 2147483647;
			files = (
				1DEC72242988207C00A34730 /* RideModel.swift in Sources */,
				1DEC722329880B0700A34730 /* CarListViewModel.swift in Sources */,
				1DEC721C29880A3800A34730 /* co2CalcTests.swift in Sources */,
			);
			runOnlyForDeploymentPostprocessing = 0;
		};
		1DEC727029883A1900A34730 /* Sources */ = {
			isa = PBXSourcesBuildPhase;
			buildActionMask = 2147483647;
			files = (
				1DEC727729883A1900A34730 /* APITests.swift in Sources */,
			);
			runOnlyForDeploymentPostprocessing = 0;
		};
/* End PBXSourcesBuildPhase section */

/* Begin PBXTargetDependency section */
		1DEC721E29880A3800A34730 /* PBXTargetDependency */ = {
			isa = PBXTargetDependency;
			target = 1D999D002980264400A7FE9A /* Rides */;
			targetProxy = 1DEC721D29880A3800A34730 /* PBXContainerItemProxy */;
		};
		1DEC727929883A1900A34730 /* PBXTargetDependency */ = {
			isa = PBXTargetDependency;
			target = 1D999D002980264400A7FE9A /* Rides */;
			targetProxy = 1DEC727829883A1900A34730 /* PBXContainerItemProxy */;
		};
/* End PBXTargetDependency section */

/* Begin XCBuildConfiguration section */
		1D999D0D2980264500A7FE9A /* Debug */ = {
			isa = XCBuildConfiguration;
			buildSettings = {
				ALWAYS_SEARCH_USER_PATHS = NO;
				CLANG_ANALYZER_NONNULL = YES;
				CLANG_ANALYZER_NUMBER_OBJECT_CONVERSION = YES_AGGRESSIVE;
				CLANG_CXX_LANGUAGE_STANDARD = "gnu++20";
				CLANG_ENABLE_MODULES = YES;
				CLANG_ENABLE_OBJC_ARC = YES;
				CLANG_ENABLE_OBJC_WEAK = YES;
				CLANG_WARN_BLOCK_CAPTURE_AUTORELEASING = YES;
				CLANG_WARN_BOOL_CONVERSION = YES;
				CLANG_WARN_COMMA = YES;
				CLANG_WARN_CONSTANT_CONVERSION = YES;
				CLANG_WARN_DEPRECATED_OBJC_IMPLEMENTATIONS = YES;
				CLANG_WARN_DIRECT_OBJC_ISA_USAGE = YES_ERROR;
				CLANG_WARN_DOCUMENTATION_COMMENTS = YES;
				CLANG_WARN_EMPTY_BODY = YES;
				CLANG_WARN_ENUM_CONVERSION = YES;
				CLANG_WARN_INFINITE_RECURSION = YES;
				CLANG_WARN_INT_CONVERSION = YES;
				CLANG_WARN_NON_LITERAL_NULL_CONVERSION = YES;
				CLANG_WARN_OBJC_IMPLICIT_RETAIN_SELF = YES;
				CLANG_WARN_OBJC_LITERAL_CONVERSION = YES;
				CLANG_WARN_OBJC_ROOT_CLASS = YES_ERROR;
				CLANG_WARN_QUOTED_INCLUDE_IN_FRAMEWORK_HEADER = YES;
				CLANG_WARN_RANGE_LOOP_ANALYSIS = YES;
				CLANG_WARN_STRICT_PROTOTYPES = YES;
				CLANG_WARN_SUSPICIOUS_MOVE = YES;
				CLANG_WARN_UNGUARDED_AVAILABILITY = YES_AGGRESSIVE;
				CLANG_WARN_UNREACHABLE_CODE = YES;
				CLANG_WARN__DUPLICATE_METHOD_MATCH = YES;
				COPY_PHASE_STRIP = NO;
				DEBUG_INFORMATION_FORMAT = dwarf;
				ENABLE_STRICT_OBJC_MSGSEND = YES;
				ENABLE_TESTABILITY = YES;
				GCC_C_LANGUAGE_STANDARD = gnu11;
				GCC_DYNAMIC_NO_PIC = NO;
				GCC_NO_COMMON_BLOCKS = YES;
				GCC_OPTIMIZATION_LEVEL = 0;
				GCC_PREPROCESSOR_DEFINITIONS = (
					"DEBUG=1",
					"$(inherited)",
				);
				GCC_WARN_64_TO_32_BIT_CONVERSION = YES;
				GCC_WARN_ABOUT_RETURN_TYPE = YES_ERROR;
				GCC_WARN_UNDECLARED_SELECTOR = YES;
				GCC_WARN_UNINITIALIZED_AUTOS = YES_AGGRESSIVE;
				GCC_WARN_UNUSED_FUNCTION = YES;
				GCC_WARN_UNUSED_VARIABLE = YES;
				IPHONEOS_DEPLOYMENT_TARGET = 16.2;
				MTL_ENABLE_DEBUG_INFO = INCLUDE_SOURCE;
				MTL_FAST_MATH = YES;
				ONLY_ACTIVE_ARCH = YES;
				SDKROOT = iphoneos;
				SWIFT_ACTIVE_COMPILATION_CONDITIONS = DEBUG;
				SWIFT_OPTIMIZATION_LEVEL = "-Onone";
			};
			name = Debug;
		};
		1D999D0E2980264500A7FE9A /* Release */ = {
			isa = XCBuildConfiguration;
			buildSettings = {
				ALWAYS_SEARCH_USER_PATHS = NO;
				CLANG_ANALYZER_NONNULL = YES;
				CLANG_ANALYZER_NUMBER_OBJECT_CONVERSION = YES_AGGRESSIVE;
				CLANG_CXX_LANGUAGE_STANDARD = "gnu++20";
				CLANG_ENABLE_MODULES = YES;
				CLANG_ENABLE_OBJC_ARC = YES;
				CLANG_ENABLE_OBJC_WEAK = YES;
				CLANG_WARN_BLOCK_CAPTURE_AUTORELEASING = YES;
				CLANG_WARN_BOOL_CONVERSION = YES;
				CLANG_WARN_COMMA = YES;
				CLANG_WARN_CONSTANT_CONVERSION = YES;
				CLANG_WARN_DEPRECATED_OBJC_IMPLEMENTATIONS = YES;
				CLANG_WARN_DIRECT_OBJC_ISA_USAGE = YES_ERROR;
				CLANG_WARN_DOCUMENTATION_COMMENTS = YES;
				CLANG_WARN_EMPTY_BODY = YES;
				CLANG_WARN_ENUM_CONVERSION = YES;
				CLANG_WARN_INFINITE_RECURSION = YES;
				CLANG_WARN_INT_CONVERSION = YES;
				CLANG_WARN_NON_LITERAL_NULL_CONVERSION = YES;
				CLANG_WARN_OBJC_IMPLICIT_RETAIN_SELF = YES;
				CLANG_WARN_OBJC_LITERAL_CONVERSION = YES;
				CLANG_WARN_OBJC_ROOT_CLASS = YES_ERROR;
				CLANG_WARN_QUOTED_INCLUDE_IN_FRAMEWORK_HEADER = YES;
				CLANG_WARN_RANGE_LOOP_ANALYSIS = YES;
				CLANG_WARN_STRICT_PROTOTYPES = YES;
				CLANG_WARN_SUSPICIOUS_MOVE = YES;
				CLANG_WARN_UNGUARDED_AVAILABILITY = YES_AGGRESSIVE;
				CLANG_WARN_UNREACHABLE_CODE = YES;
				CLANG_WARN__DUPLICATE_METHOD_MATCH = YES;
				COPY_PHASE_STRIP = NO;
				DEBUG_INFORMATION_FORMAT = "dwarf-with-dsym";
				ENABLE_NS_ASSERTIONS = NO;
				ENABLE_STRICT_OBJC_MSGSEND = YES;
				GCC_C_LANGUAGE_STANDARD = gnu11;
				GCC_NO_COMMON_BLOCKS = YES;
				GCC_WARN_64_TO_32_BIT_CONVERSION = YES;
				GCC_WARN_ABOUT_RETURN_TYPE = YES_ERROR;
				GCC_WARN_UNDECLARED_SELECTOR = YES;
				GCC_WARN_UNINITIALIZED_AUTOS = YES_AGGRESSIVE;
				GCC_WARN_UNUSED_FUNCTION = YES;
				GCC_WARN_UNUSED_VARIABLE = YES;
				IPHONEOS_DEPLOYMENT_TARGET = 16.2;
				MTL_ENABLE_DEBUG_INFO = NO;
				MTL_FAST_MATH = YES;
				SDKROOT = iphoneos;
				SWIFT_COMPILATION_MODE = wholemodule;
				SWIFT_OPTIMIZATION_LEVEL = "-O";
				VALIDATE_PRODUCT = YES;
			};
			name = Release;
		};
		1D999D102980264500A7FE9A /* Debug */ = {
			isa = XCBuildConfiguration;
			buildSettings = {
				ASSETCATALOG_COMPILER_APPICON_NAME = AppIcon;
				ASSETCATALOG_COMPILER_GLOBAL_ACCENT_COLOR_NAME = AccentColor;
				CODE_SIGN_STYLE = Automatic;
				CURRENT_PROJECT_VERSION = 1;
				DEVELOPMENT_ASSET_PATHS = "\"Rides/Preview Content\"";
				ENABLE_PREVIEWS = YES;
				GENERATE_INFOPLIST_FILE = YES;
				INFOPLIST_FILE = Rides/Info.plist;
				INFOPLIST_KEY_UIApplicationSupportsIndirectInputEvents = YES;
				INFOPLIST_KEY_UILaunchScreen_Generation = YES;
				INFOPLIST_KEY_UISupportedInterfaceOrientations_iPad = "UIInterfaceOrientationPortrait UIInterfaceOrientationPortraitUpsideDown UIInterfaceOrientationLandscapeLeft UIInterfaceOrientationLandscapeRight";
				INFOPLIST_KEY_UISupportedInterfaceOrientations_iPhone = "UIInterfaceOrientationPortrait UIInterfaceOrientationLandscapeLeft UIInterfaceOrientationLandscapeRight";
				IPHONEOS_DEPLOYMENT_TARGET = 15.0;
				LD_RUNPATH_SEARCH_PATHS = (
					"$(inherited)",
					"@executable_path/Frameworks",
				);
				MARKETING_VERSION = 1.0;
				PRODUCT_BUNDLE_IDENTIFIER = "com.mykyta-y.Rides";
				PRODUCT_NAME = "$(TARGET_NAME)";
				SWIFT_EMIT_LOC_STRINGS = YES;
				SWIFT_VERSION = 5.0;
				TARGETED_DEVICE_FAMILY = "1,2";
			};
			name = Debug;
		};
		1D999D112980264500A7FE9A /* Release */ = {
			isa = XCBuildConfiguration;
			buildSettings = {
				ASSETCATALOG_COMPILER_APPICON_NAME = AppIcon;
				ASSETCATALOG_COMPILER_GLOBAL_ACCENT_COLOR_NAME = AccentColor;
				CODE_SIGN_STYLE = Automatic;
				CURRENT_PROJECT_VERSION = 1;
				DEVELOPMENT_ASSET_PATHS = "\"Rides/Preview Content\"";
				ENABLE_PREVIEWS = YES;
				GENERATE_INFOPLIST_FILE = YES;
				INFOPLIST_FILE = Rides/Info.plist;
				INFOPLIST_KEY_UIApplicationSupportsIndirectInputEvents = YES;
				INFOPLIST_KEY_UILaunchScreen_Generation = YES;
				INFOPLIST_KEY_UISupportedInterfaceOrientations_iPad = "UIInterfaceOrientationPortrait UIInterfaceOrientationPortraitUpsideDown UIInterfaceOrientationLandscapeLeft UIInterfaceOrientationLandscapeRight";
				INFOPLIST_KEY_UISupportedInterfaceOrientations_iPhone = "UIInterfaceOrientationPortrait UIInterfaceOrientationLandscapeLeft UIInterfaceOrientationLandscapeRight";
				IPHONEOS_DEPLOYMENT_TARGET = 15.0;
				LD_RUNPATH_SEARCH_PATHS = (
					"$(inherited)",
					"@executable_path/Frameworks",
				);
				MARKETING_VERSION = 1.0;
				PRODUCT_BUNDLE_IDENTIFIER = "com.mykyta-y.Rides";
				PRODUCT_NAME = "$(TARGET_NAME)";
				SWIFT_EMIT_LOC_STRINGS = YES;
				SWIFT_VERSION = 5.0;
				TARGETED_DEVICE_FAMILY = "1,2";
			};
			name = Release;
		};
		1DEC722029880A3800A34730 /* Debug */ = {
			isa = XCBuildConfiguration;
			buildSettings = {
				BUNDLE_LOADER = "$(TEST_HOST)";
				CODE_SIGN_STYLE = Automatic;
				CURRENT_PROJECT_VERSION = 1;
				GENERATE_INFOPLIST_FILE = YES;
				IPHONEOS_DEPLOYMENT_TARGET = 15.0;
				MARKETING_VERSION = 1.0;
				PRODUCT_BUNDLE_IDENTIFIER = "com.mykyta-y.co2CalcTests";
				PRODUCT_NAME = "$(TARGET_NAME)";
				SWIFT_EMIT_LOC_STRINGS = NO;
				SWIFT_VERSION = 5.0;
				TARGETED_DEVICE_FAMILY = "1,2";
				TEST_HOST = "$(BUILT_PRODUCTS_DIR)/Rides.app/$(BUNDLE_EXECUTABLE_FOLDER_PATH)/Rides";
			};
			name = Debug;
		};
		1DEC722129880A3800A34730 /* Release */ = {
			isa = XCBuildConfiguration;
			buildSettings = {
				BUNDLE_LOADER = "$(TEST_HOST)";
				CODE_SIGN_STYLE = Automatic;
				CURRENT_PROJECT_VERSION = 1;
				GENERATE_INFOPLIST_FILE = YES;
				IPHONEOS_DEPLOYMENT_TARGET = 15.0;
				MARKETING_VERSION = 1.0;
				PRODUCT_BUNDLE_IDENTIFIER = "com.mykyta-y.co2CalcTests";
				PRODUCT_NAME = "$(TARGET_NAME)";
				SWIFT_EMIT_LOC_STRINGS = NO;
				SWIFT_VERSION = 5.0;
				TARGETED_DEVICE_FAMILY = "1,2";
				TEST_HOST = "$(BUILT_PRODUCTS_DIR)/Rides.app/$(BUNDLE_EXECUTABLE_FOLDER_PATH)/Rides";
			};
			name = Release;
		};
		1DEC727B29883A1900A34730 /* Debug */ = {
			isa = XCBuildConfiguration;
			buildSettings = {
				BUNDLE_LOADER = "$(TEST_HOST)";
				CODE_SIGN_STYLE = Automatic;
				CURRENT_PROJECT_VERSION = 1;
				GENERATE_INFOPLIST_FILE = YES;
				MARKETING_VERSION = 1.0;
				PRODUCT_BUNDLE_IDENTIFIER = "com.mykyta-y.APITests";
				PRODUCT_NAME = "$(TARGET_NAME)";
				SWIFT_EMIT_LOC_STRINGS = NO;
				SWIFT_VERSION = 5.0;
				TARGETED_DEVICE_FAMILY = "1,2";
				TEST_HOST = "$(BUILT_PRODUCTS_DIR)/Rides.app/$(BUNDLE_EXECUTABLE_FOLDER_PATH)/Rides";
			};
			name = Debug;
		};
		1DEC727C29883A1900A34730 /* Release */ = {
			isa = XCBuildConfiguration;
			buildSettings = {
				BUNDLE_LOADER = "$(TEST_HOST)";
				CODE_SIGN_STYLE = Automatic;
				CURRENT_PROJECT_VERSION = 1;
				GENERATE_INFOPLIST_FILE = YES;
				MARKETING_VERSION = 1.0;
				PRODUCT_BUNDLE_IDENTIFIER = "com.mykyta-y.APITests";
				PRODUCT_NAME = "$(TARGET_NAME)";
				SWIFT_EMIT_LOC_STRINGS = NO;
				SWIFT_VERSION = 5.0;
				TARGETED_DEVICE_FAMILY = "1,2";
				TEST_HOST = "$(BUILT_PRODUCTS_DIR)/Rides.app/$(BUNDLE_EXECUTABLE_FOLDER_PATH)/Rides";
			};
			name = Release;
		};
/* End XCBuildConfiguration section */

/* Begin XCConfigurationList section */
		1D999CFC2980264400A7FE9A /* Build configuration list for PBXProject "Rides" */ = {
			isa = XCConfigurationList;
			buildConfigurations = (
				1D999D0D2980264500A7FE9A /* Debug */,
				1D999D0E2980264500A7FE9A /* Release */,
			);
			defaultConfigurationIsVisible = 0;
			defaultConfigurationName = Release;
		};
		1D999D0F2980264500A7FE9A /* Build configuration list for PBXNativeTarget "Rides" */ = {
			isa = XCConfigurationList;
			buildConfigurations = (
				1D999D102980264500A7FE9A /* Debug */,
				1D999D112980264500A7FE9A /* Release */,
			);
			defaultConfigurationIsVisible = 0;
			defaultConfigurationName = Release;
		};
		1DEC721F29880A3800A34730 /* Build configuration list for PBXNativeTarget "co2CalcTests" */ = {
			isa = XCConfigurationList;
			buildConfigurations = (
				1DEC722029880A3800A34730 /* Debug */,
				1DEC722129880A3800A34730 /* Release */,
			);
			defaultConfigurationIsVisible = 0;
			defaultConfigurationName = Release;
		};
		1DEC727A29883A1900A34730 /* Build configuration list for PBXNativeTarget "APITests" */ = {
			isa = XCConfigurationList;
			buildConfigurations = (
				1DEC727B29883A1900A34730 /* Debug */,
				1DEC727C29883A1900A34730 /* Release */,
			);
			defaultConfigurationIsVisible = 0;
			defaultConfigurationName = Release;
		};
/* End XCConfigurationList section */
	};
	rootObject = 1D999CF92980264400A7FE9A /* Project object */;
}
